# Run ./gradlew --write-locks to regenerate this file
com.fasterxml.jackson.core:jackson-annotations:2.18.0 (3 constraints: 9d4941f7)
com.fasterxml.jackson.core:jackson-core:2.18.0 (3 constraints: 9d4941f7)
com.fasterxml.jackson.core:jackson-databind:2.18.0 (4 constraints: cf54a57c)
com.fasterxml.jackson.module:jackson-module-jakarta-xmlbind-annotations:2.13.1 (1 constraints: 8118727b)
com.fasterxml.jackson.module:jackson-module-jaxb-annotations:2.13.1 (1 constraints: 8118727b)
com.google.code.findbugs:jsr305:3.0.2 (2 constraints: 1d0fb186)
com.google.code.gson:gson:2.8.9 (1 constraints: 5d180763)
com.google.errorprone:error_prone_annotations:2.18.0 (1 constraints: 4d0a47bf)
com.google.guava:failureaccess:1.0.1 (1 constraints: 140ae1b4)
com.google.guava:guava:32.1.2-jre (1 constraints: a8066553)
com.google.guava:listenablefuture:9999.0-empty-to-avoid-conflict-with-guava (1 constraints: bd17c918)
com.google.j2objc:j2objc-annotations:2.8 (1 constraints: be09f5a0)
com.sun.activation:jakarta.activation:2.0.1 (3 constraints: 9f298668)
com.sun.istack:istack-commons-runtime:4.0.1 (1 constraints: 5f0c0906)
commons-io:commons-io:2.4 (1 constraints: aa04212c)
cz.habarta.typescript-generator:typescript-generator-core:2.35.1025 (1 constraints: d405274c)
io.github.classgraph:classgraph:4.8.138 (1 constraints: c2185594)
jakarta.json.bind:jakarta.json.bind-api:2.0.0 (1 constraints: 4c18e662)
jakarta.ws.rs:jakarta.ws.rs-api:3.1.0 (2 constraints: 521d41e4)
jakarta.xml.bind:jakarta.xml.bind-api:3.0.1 (2 constraints: de29a432)
javax.activation:javax.activation-api:1.2.0 (3 constraints: f1407a18)
javax.json.bind:javax.json.bind-api:1.0 (1 constraints: ed177b32)
javax.ws.rs:javax.ws.rs-api:2.1.1 (1 constraints: 4e18ea62)
javax.xml.bind:jaxb-api:2.3.1 (2 constraints: 80314588)
org.apache.commons:commons-lang3:3.4 (1 constraints: ab04242c)
org.checkerframework:checker-qual:3.33.0 (1 constraints: 4b0a46bf)
org.codehaus.jackson:jackson-core-asl:1.9.13 (1 constraints: f11001cf)
org.codehaus.jackson:jackson-mapper-asl:1.9.13 (1 constraints: 8818857b)
org.glassfish.jaxb:jaxb-core:3.0.2 (1 constraints: ba0db035)
org.glassfish.jaxb:jaxb-runtime:3.0.2 (1 constraints: 4f18ed62)
org.glassfish.jaxb:txw2:3.0.2 (1 constraints: 5f0c0506)
org.graalvm.js:js:22.0.0.2 (1 constraints: de18faac)
org.graalvm.js:js-scriptengine:22.0.0.2 (1 constraints: de18faac)
org.graalvm.regex:regex:22.0.0.2 (1 constraints: ae08ea96)
org.graalvm.sdk:graal-sdk:22.0.0.2 (3 constraints: dd24c37d)
org.graalvm.truffle:truffle-api:22.0.0.2 (2 constraints: d71378ab)
org.immutables:value:2.9.3 (1 constraints: 10051336)
org.jetbrains:annotations:13.0 (1 constraints: df0e795c)
org.jetbrains.kotlin:kotlin-reflect:1.6.10 (1 constraints: 8218767b)
org.jetbrains.kotlin:kotlin-stdlib:1.6.10 (2 constraints: 25289b56)
org.jetbrains.kotlin:kotlin-stdlib-common:1.6.10 (1 constraints: 410fca7a)

[Test dependencies]
junit:junit:4.12 (1 constraints: db04ff30)
org.hamcrest:hamcrest-core:1.3 (2 constraints: 7910aeb0)
org.mockito:mockito-core:1.10.19 (1 constraints: 6e059840)
org.objenesis:objenesis:2.1 (1 constraints: af0a0fbd)
